github.com/q0tzly/nib/sdk/go v0.4.0 h1:xJDe0kq9hWrxaMZ3qTEJlnV7835PMKwTGnbnK0ER4MA=
github.com/q0tzly/nib/sdk/go v0.4.0/go.mod h1:RYVdVhRLxhLerkomEjClsE2xLiey8s/y2vNlCAjcIrE=
go.bytecodealliance.org/cm v0.3.0 h1:VhV+4vjZPUGCozCg9+up+FNL3YU6XR+XKghk7kQ0vFc=
go.bytecodealliance.org/cm v0.3.0/go.mod h1:JD5vtVNZv7sBoQQkvBvAAVKJPhR/bqBH7yYXTItMfZI=
